
Microsoft Visual Studio Solution File, Format Version 12.00
# Visual Studio Version 16
VisualStudioVersion = 16.0.32126.315
MinimumVisualStudioVersion = 10.0.40219.1
Project("{9A19103F-16F7-4668-BE54-9A1E7A4F7556}") = "Hello World", "Hello World\Hello World.csproj", "{240D1AB3-0524-451B-9E8B-F3EE95393B63}"
EndProject
Global
	GlobalSection(SolutionConfigurationPlatforms) = preSolution
		Debug|Any CPU = Debug|Any CPU
		Release|Any CPU = Release|Any CPU
	EndGlobalSection
	GlobalSection(ProjectConfigurationPlatforms) = postSolution
		{240D1AB3-0524-451B-9E8B-F3EE95393B63}.Debug|Any CPU.ActiveCfg = Debug|Any CPU
		{240D1AB3-0524-451B-9E8B-F3EE95393B63}.Debug|Any CPU.Build.0 = Debug|Any CPU
		{240D1AB3-0524-451B-9E8B-F3EE95393B63}.Release|Any CPU.ActiveCfg = Release|Any CPU
		{240D1AB3-0524-451B-9E8B-F3EE95393B63}.Release|Any CPU.Build.0 = Release|Any CPU
	EndGlobalSection
	GlobalSection(SolutionProperties) = preSolution
		HideSolutionNode = FALSE
	EndGlobalSection
	GlobalSection(ExtensibilityGlobals) = postSolution
		SolutionGuid = {4B610EEB-6F65-4935-AB3C-B876BAF640D9}
	EndGlobalSection
EndGlobal
